
Microsoft Visual Studio Solution File, Format Version 12.00
# Visual Studio Version 16
VisualStudioVersion = 16.0.31321.278
MinimumVisualStudioVersion = 10.0.40219.1
Project("{FAE04EC0-301F-11D3-BF4B-00C04F79EFBC}") = "LindaSonrisa.Presentation", "LindaSonrisa.Presentation\LindaSonrisa.Presentation.csproj", "{C82598D1-FC88-4878-AE63-036C823EB196}"
EndProject
Project("{FAE04EC0-301F-11D3-BF4B-00C04F79EFBC}") = "LindaSonrisa.Business", "LindaSonrisa.Business\LindaSonrisa.Business.csproj", "{2EF9F5FA-D571-412D-AC5A-C246955A6034}"
EndProject
Global
	GlobalSection(SolutionConfigurationPlatforms) = preSolution
		Debug|Any CPU = Debug|Any CPU
		Release|Any CPU = Release|Any CPU
	EndGlobalSection
	GlobalSection(ProjectConfigurationPlatforms) = postSolution
		{C82598D1-FC88-4878-AE63-036C823EB196}.Debug|Any CPU.ActiveCfg = Debug|Any CPU
		{C82598D1-FC88-4878-AE63-036C823EB196}.Debug|Any CPU.Build.0 = Debug|Any CPU
		{C82598D1-FC88-4878-AE63-036C823EB196}.Release|Any CPU.ActiveCfg = Release|Any CPU
		{C82598D1-FC88-4878-AE63-036C823EB196}.Release|Any CPU.Build.0 = Release|Any CPU
		{2EF9F5FA-D571-412D-AC5A-C246955A6034}.Debug|Any CPU.ActiveCfg = Debug|Any CPU
		{2EF9F5FA-D571-412D-AC5A-C246955A6034}.Debug|Any CPU.Build.0 = Debug|Any CPU
		{2EF9F5FA-D571-412D-AC5A-C246955A6034}.Release|Any CPU.ActiveCfg = Release|Any CPU
		{2EF9F5FA-D571-412D-AC5A-C246955A6034}.Release|Any CPU.Build.0 = Release|Any CPU
	EndGlobalSection
	GlobalSection(SolutionProperties) = preSolution
		HideSolutionNode = FALSE
	EndGlobalSection
	GlobalSection(ExtensibilityGlobals) = postSolution
		SolutionGuid = {1431FC9C-4E9C-4EE0-9B0F-DF5C5275C478}
	EndGlobalSection
EndGlobal
